
Microsoft Visual Studio Solution File, Format Version 12.00
# Visual Studio Version 16
VisualStudioVersion = 16.0.31402.337
MinimumVisualStudioVersion = 10.0.40219.1
Project("{FAE04EC0-301F-11D3-BF4B-00C04F79EFBC}") = "CsvToGraph", "CsvToGraph\CsvToGraph.csproj", "{C26B1314-684C-4D86-8F32-00BF1F05E8D7}"
EndProject
Global
	GlobalSection(SolutionConfigurationPlatforms) = preSolution
		Debug|Any CPU = Debug|Any CPU
		Release|Any CPU = Release|Any CPU
	EndGlobalSection
	GlobalSection(ProjectConfigurationPlatforms) = postSolution
		{C26B1314-684C-4D86-8F32-00BF1F05E8D7}.Debug|Any CPU.ActiveCfg = Debug|Any CPU
		{C26B1314-684C-4D86-8F32-00BF1F05E8D7}.Debug|Any CPU.Build.0 = Debug|Any CPU
		{C26B1314-684C-4D86-8F32-00BF1F05E8D7}.Release|Any CPU.ActiveCfg = Release|Any CPU
		{C26B1314-684C-4D86-8F32-00BF1F05E8D7}.Release|Any CPU.Build.0 = Release|Any CPU
	EndGlobalSection
	GlobalSection(SolutionProperties) = preSolution
		HideSolutionNode = FALSE
	EndGlobalSection
	GlobalSection(ExtensibilityGlobals) = postSolution
		SolutionGuid = {A7FC2BA4-918D-441F-8F6E-1A1D87C296EC}
	EndGlobalSection
EndGlobal
